Microsoft Visual Studio Solution File, Format Version 8.00
Project("{FAE04EC0-301F-11D3-BF4B-00C04F79EFBC}") = "is2seikyuu", "http://localhost/is2/is2seikyuu/is2seikyuu.csproj", "{E92EF0C8-7985-4D85-A854-B7C9F6EDAD11}"
	ProjectSection(ProjectDependencies) = postProject
	EndProjectSection
EndProject
Global
	GlobalSection(SolutionConfiguration) = preSolution
		Debug = Debug
		Release = Release
	EndGlobalSection
	GlobalSection(ProjectConfiguration) = postSolution
		{E92EF0C8-7985-4D85-A854-B7C9F6EDAD11}.Debug.ActiveCfg = Debug|.NET
		{E92EF0C8-7985-4D85-A854-B7C9F6EDAD11}.Debug.Build.0 = Debug|.NET
		{E92EF0C8-7985-4D85-A854-B7C9F6EDAD11}.Release.ActiveCfg = Release|.NET
		{E92EF0C8-7985-4D85-A854-B7C9F6EDAD11}.Release.Build.0 = Release|.NET
	EndGlobalSection
	GlobalSection(ExtensibilityGlobals) = postSolution
	EndGlobalSection
	GlobalSection(ExtensibilityAddIns) = postSolution
	EndGlobalSection
EndGlobal
